
Microsoft Visual Studio Solution File, Format Version 12.00
# Visual Studio 2012
Project("{FAE04EC0-301F-11D3-BF4B-00C04F79EFBC}") = "RnD.Apps", "RnD.Apps\RnD.Apps.csproj", "{956F4385-58B9-495E-A1F7-B36913B1C157}"
EndProject
Global
	GlobalSection(SolutionConfigurationPlatforms) = preSolution
		Debug|Any CPU = Debug|Any CPU
		Release|Any CPU = Release|Any CPU
	EndGlobalSection
	GlobalSection(ProjectConfigurationPlatforms) = postSolution
		{956F4385-58B9-495E-A1F7-B36913B1C157}.Debug|Any CPU.ActiveCfg = Debug|Any CPU
		{956F4385-58B9-495E-A1F7-B36913B1C157}.Debug|Any CPU.Build.0 = Debug|Any CPU
		{956F4385-58B9-495E-A1F7-B36913B1C157}.Release|Any CPU.ActiveCfg = Release|Any CPU
		{956F4385-58B9-495E-A1F7-B36913B1C157}.Release|Any CPU.Build.0 = Release|Any CPU
	EndGlobalSection
	GlobalSection(SolutionProperties) = preSolution
		HideSolutionNode = FALSE
	EndGlobalSection
EndGlobal
