
Microsoft Visual Studio Solution File, Format Version 12.00
# Visual Studio 15
VisualStudioVersion = 15.0.28307.852
MinimumVisualStudioVersion = 10.0.40219.1
Project("{FAE04EC0-301F-11D3-BF4B-00C04F79EFBC}") = "RnD.WebCoreApp", "RnD.WebCoreApp\RnD.WebCoreApp.csproj", "{1743E9B1-2403-4EA6-BD41-4FC55E2691B2}"
EndProject
Global
	GlobalSection(SolutionConfigurationPlatforms) = preSolution
		Debug|Any CPU = Debug|Any CPU
		Release|Any CPU = Release|Any CPU
	EndGlobalSection
	GlobalSection(ProjectConfigurationPlatforms) = postSolution
		{1743E9B1-2403-4EA6-BD41-4FC55E2691B2}.Debug|Any CPU.ActiveCfg = Debug|Any CPU
		{1743E9B1-2403-4EA6-BD41-4FC55E2691B2}.Debug|Any CPU.Build.0 = Debug|Any CPU
		{1743E9B1-2403-4EA6-BD41-4FC55E2691B2}.Release|Any CPU.ActiveCfg = Release|Any CPU
		{1743E9B1-2403-4EA6-BD41-4FC55E2691B2}.Release|Any CPU.Build.0 = Release|Any CPU
	EndGlobalSection
	GlobalSection(SolutionProperties) = preSolution
		HideSolutionNode = FALSE
	EndGlobalSection
	GlobalSection(ExtensibilityGlobals) = postSolution
		SolutionGuid = {66281B4F-AE03-453D-9F85-3E0A6D2740BF}
	EndGlobalSection
EndGlobal
