
Microsoft Visual Studio Solution File, Format Version 12.00
# Visual Studio 15
VisualStudioVersion = 15.0.28307.960
MinimumVisualStudioVersion = 10.0.40219.1
Project("{9A19103F-16F7-4668-BE54-9A1E7A4F7556}") = "lab.DataStore.App", "lab.DataStore.App\lab.DataStore.App.csproj", "{A9728CBF-C4A0-4C02-B3F6-8D7E6EBE8E69}"
EndProject
Global
	GlobalSection(SolutionConfigurationPlatforms) = preSolution
		Debug|Any CPU = Debug|Any CPU
		Release|Any CPU = Release|Any CPU
	EndGlobalSection
	GlobalSection(ProjectConfigurationPlatforms) = postSolution
		{A9728CBF-C4A0-4C02-B3F6-8D7E6EBE8E69}.Debug|Any CPU.ActiveCfg = Debug|Any CPU
		{A9728CBF-C4A0-4C02-B3F6-8D7E6EBE8E69}.Debug|Any CPU.Build.0 = Debug|Any CPU
		{A9728CBF-C4A0-4C02-B3F6-8D7E6EBE8E69}.Release|Any CPU.ActiveCfg = Release|Any CPU
		{A9728CBF-C4A0-4C02-B3F6-8D7E6EBE8E69}.Release|Any CPU.Build.0 = Release|Any CPU
	EndGlobalSection
	GlobalSection(SolutionProperties) = preSolution
		HideSolutionNode = FALSE
	EndGlobalSection
	GlobalSection(ExtensibilityGlobals) = postSolution
		SolutionGuid = {4B8270BC-9A18-4F0A-882E-6B291894A73C}
	EndGlobalSection
EndGlobal
