
Microsoft Visual Studio Solution File, Format Version 12.00
# Visual Studio 15
VisualStudioVersion = 15.0.28307.852
MinimumVisualStudioVersion = 10.0.40219.1
Project("{FAE04EC0-301F-11D3-BF4B-00C04F79EFBC}") = "RnD.BlockchainWebCoreApps", "RnD.BlockchainWebCoreApps\RnD.BlockchainWebCoreApps.csproj", "{82C9ED67-4E8C-4365-A51B-44C73EC14119}"
EndProject
Global
	GlobalSection(SolutionConfigurationPlatforms) = preSolution
		Debug|Any CPU = Debug|Any CPU
		Release|Any CPU = Release|Any CPU
	EndGlobalSection
	GlobalSection(ProjectConfigurationPlatforms) = postSolution
		{82C9ED67-4E8C-4365-A51B-44C73EC14119}.Debug|Any CPU.ActiveCfg = Debug|Any CPU
		{82C9ED67-4E8C-4365-A51B-44C73EC14119}.Debug|Any CPU.Build.0 = Debug|Any CPU
		{82C9ED67-4E8C-4365-A51B-44C73EC14119}.Release|Any CPU.ActiveCfg = Release|Any CPU
		{82C9ED67-4E8C-4365-A51B-44C73EC14119}.Release|Any CPU.Build.0 = Release|Any CPU
	EndGlobalSection
	GlobalSection(SolutionProperties) = preSolution
		HideSolutionNode = FALSE
	EndGlobalSection
	GlobalSection(ExtensibilityGlobals) = postSolution
		SolutionGuid = {A6C3D674-E355-4ADB-B9A6-904F274F264E}
	EndGlobalSection
EndGlobal
