
Microsoft Visual Studio Solution File, Format Version 12.00
# Visual Studio Version 16
VisualStudioVersion = 16.0.31410.357
MinimumVisualStudioVersion = 10.0.40219.1
Project("{FAE04EC0-301F-11D3-BF4B-00C04F79EFBC}") = "RnD.CICDPipeline", "RnD.CICDPipeline\RnD.CICDPipeline.csproj", "{DAB74ECB-C067-455F-A811-ED4A0B55A457}"
EndProject
Global
	GlobalSection(SolutionConfigurationPlatforms) = preSolution
		Debug|Any CPU = Debug|Any CPU
		Release|Any CPU = Release|Any CPU
	EndGlobalSection
	GlobalSection(ProjectConfigurationPlatforms) = postSolution
		{DAB74ECB-C067-455F-A811-ED4A0B55A457}.Debug|Any CPU.ActiveCfg = Debug|Any CPU
		{DAB74ECB-C067-455F-A811-ED4A0B55A457}.Debug|Any CPU.Build.0 = Debug|Any CPU
		{DAB74ECB-C067-455F-A811-ED4A0B55A457}.Release|Any CPU.ActiveCfg = Release|Any CPU
		{DAB74ECB-C067-455F-A811-ED4A0B55A457}.Release|Any CPU.Build.0 = Release|Any CPU
	EndGlobalSection
	GlobalSection(SolutionProperties) = preSolution
		HideSolutionNode = FALSE
	EndGlobalSection
	GlobalSection(ExtensibilityGlobals) = postSolution
		SolutionGuid = {E723F7D0-80A3-4BCA-85F2-9DF2A6991FE9}
	EndGlobalSection
EndGlobal
